
Microsoft Visual Studio Solution File, Format Version 11.00
# Visual Studio 2010
Project("{FAE04EC0-301F-11D3-BF4B-00C04F79EFBC}") = "SlashGame", "Assembly-CSharp-firstpass.csproj", "{43DD93AF-1B78-7C32-89A2-8F154B517624}"
EndProject
Project("{FAE04EC0-301F-11D3-BF4B-00C04F79EFBC}") = "SlashGame", "Assembly-CSharp.csproj", "{7F37449E-442A-1A43-ED92-89E7D754336D}"
EndProject
Project("{FAE04EC0-301F-11D3-BF4B-00C04F79EFBC}") = "SlashGame", "Assembly-CSharp-Editor.csproj", "{75E7FF11-66CF-528B-2222-4F3A024A4200}"
EndProject
Project("{FAE04EC0-301F-11D3-BF4B-00C04F79EFBC}") = "SlashGame", "Assembly-CSharp-Editor-firstpass.csproj", "{B5D617DC-A189-FC4A-6054-CFD1766BD44D}"
EndProject
Global
	GlobalSection(SolutionConfigurationPlatforms) = preSolution
		Debug|Any CPU = Debug|Any CPU
		Release|Any CPU = Release|Any CPU
	EndGlobalSection
	GlobalSection(ProjectConfigurationPlatforms) = postSolution
		{43DD93AF-1B78-7C32-89A2-8F154B517624}.Debug|Any CPU.ActiveCfg = Debug|Any CPU
		{43DD93AF-1B78-7C32-89A2-8F154B517624}.Debug|Any CPU.Build.0 = Debug|Any CPU
		{43DD93AF-1B78-7C32-89A2-8F154B517624}.Release|Any CPU.ActiveCfg = Release|Any CPU
		{43DD93AF-1B78-7C32-89A2-8F154B517624}.Release|Any CPU.Build.0 = Release|Any CPU
		{7F37449E-442A-1A43-ED92-89E7D754336D}.Debug|Any CPU.ActiveCfg = Debug|Any CPU
		{7F37449E-442A-1A43-ED92-89E7D754336D}.Debug|Any CPU.Build.0 = Debug|Any CPU
		{7F37449E-442A-1A43-ED92-89E7D754336D}.Release|Any CPU.ActiveCfg = Release|Any CPU
		{7F37449E-442A-1A43-ED92-89E7D754336D}.Release|Any CPU.Build.0 = Release|Any CPU
		{75E7FF11-66CF-528B-2222-4F3A024A4200}.Debug|Any CPU.ActiveCfg = Debug|Any CPU
		{75E7FF11-66CF-528B-2222-4F3A024A4200}.Debug|Any CPU.Build.0 = Debug|Any CPU
		{75E7FF11-66CF-528B-2222-4F3A024A4200}.Release|Any CPU.ActiveCfg = Release|Any CPU
		{75E7FF11-66CF-528B-2222-4F3A024A4200}.Release|Any CPU.Build.0 = Release|Any CPU
		{B5D617DC-A189-FC4A-6054-CFD1766BD44D}.Debug|Any CPU.ActiveCfg = Debug|Any CPU
		{B5D617DC-A189-FC4A-6054-CFD1766BD44D}.Debug|Any CPU.Build.0 = Debug|Any CPU
		{B5D617DC-A189-FC4A-6054-CFD1766BD44D}.Release|Any CPU.ActiveCfg = Release|Any CPU
		{B5D617DC-A189-FC4A-6054-CFD1766BD44D}.Release|Any CPU.Build.0 = Release|Any CPU
	EndGlobalSection
	GlobalSection(SolutionProperties) = preSolution
		HideSolutionNode = FALSE
	EndGlobalSection
	GlobalSection(MonoDevelopProperties) = preSolution
		StartupItem = Assembly-CSharp.csproj
	EndGlobalSection
EndGlobal
